
Microsoft Visual Studio Solution File, Format Version 12.00
# Visual Studio Version 16
VisualStudioVersion = 16.0.32126.315
MinimumVisualStudioVersion = 10.0.40219.1
Project("{FAE04EC0-301F-11D3-BF4B-00C04F79EFBC}") = "Task1", "Task1\Task1.csproj", "{070F4A8D-0C1E-4CD9-9732-2440CB9E94B2}"
EndProject
Global
	GlobalSection(SolutionConfigurationPlatforms) = preSolution
		Debug|Any CPU = Debug|Any CPU
		Release|Any CPU = Release|Any CPU
	EndGlobalSection
	GlobalSection(ProjectConfigurationPlatforms) = postSolution
		{070F4A8D-0C1E-4CD9-9732-2440CB9E94B2}.Debug|Any CPU.ActiveCfg = Debug|Any CPU
		{070F4A8D-0C1E-4CD9-9732-2440CB9E94B2}.Debug|Any CPU.Build.0 = Debug|Any CPU
		{070F4A8D-0C1E-4CD9-9732-2440CB9E94B2}.Release|Any CPU.ActiveCfg = Release|Any CPU
		{070F4A8D-0C1E-4CD9-9732-2440CB9E94B2}.Release|Any CPU.Build.0 = Release|Any CPU
	EndGlobalSection
	GlobalSection(SolutionProperties) = preSolution
		HideSolutionNode = FALSE
	EndGlobalSection
	GlobalSection(ExtensibilityGlobals) = postSolution
		SolutionGuid = {1A83A2EA-AD40-448B-97FB-D1AFBDA42A2B}
	EndGlobalSection
EndGlobal
